// !$*UTF8*$!
{
	archiveVersion = 1;
	classes = {
	};
	objectVersion = 55;
	objects = {

/* Begin PBXBuildFile section */
		228C18A82842BE2D0092F865 /* InfoPlist.strings in Resources */ = {isa = PBXBuildFile; fileRef = 228C18AA2842BE2D0092F865 /* InfoPlist.strings */; };
		228C18B02842BFD20092F865 /* MapView.swift in Sources */ = {isa = PBXBuildFile; fileRef = 228C18AF2842BFD20092F865 /* MapView.swift */; };
		228C18B32842BFF00092F865 /* MainViewModel.swift in Sources */ = {isa = PBXBuildFile; fileRef = 228C18B22842BFF00092F865 /* MainViewModel.swift */; };
		228C18B52842CCEB0092F865 /* MKCoordinateRegion+Equatable.swift in Sources */ = {isa = PBXBuildFile; fileRef = 228C18B42842CCEB0092F865 /* MKCoordinateRegion+Equatable.swift */; };
		229EC2602840074E009972ED /* WeatherService.swift in Sources */ = {isa = PBXBuildFile; fileRef = 229EC25F2840074E009972ED /* WeatherService.swift */; };
		229EC26428400E1F009972ED /* WeatherRequests.swift in Sources */ = {isa = PBXBuildFile; fileRef = 229EC26328400E1F009972ED /* WeatherRequests.swift */; };
		229EC26728400E3C009972ED /* NetworkMock.swift in Sources */ = {isa = PBXBuildFile; fileRef = 229EC26628400E3C009972ED /* NetworkMock.swift */; };
		22D9CE80283F94D100C70609 /* SolApp.swift in Sources */ = {isa = PBXBuildFile; fileRef = 22D9CE7F283F94D100C70609 /* SolApp.swift */; };
		22D9CE82283F94D100C70609 /* MainView.swift in Sources */ = {isa = PBXBuildFile; fileRef = 22D9CE81283F94D100C70609 /* MainView.swift */; };
		22D9CE84283F94D400C70609 /* Assets.xcassets in Resources */ = {isa = PBXBuildFile; fileRef = 22D9CE83283F94D400C70609 /* Assets.xcassets */; };
		22D9CEAE283FD19E00C70609 /* WeatherResponse.swift in Sources */ = {isa = PBXBuildFile; fileRef = 22D9CEAD283FD19E00C70609 /* WeatherResponse.swift */; };
		22D9CEB0283FDB5F00C70609 /* ForecastResponse.swift in Sources */ = {isa = PBXBuildFile; fileRef = 22D9CEAF283FDB5F00C70609 /* ForecastResponse.swift */; };
		22D9CEB3283FFB0E00C70609 /* ResponseDecoding.swift in Sources */ = {isa = PBXBuildFile; fileRef = 22D9CEB2283FFB0E00C70609 /* ResponseDecoding.swift */; };
		22D9CEB6283FFCC700C70609 /* forecast.json in Resources */ = {isa = PBXBuildFile; fileRef = 22D9CEB4283FFCC700C70609 /* forecast.json */; };
		22D9CEB7283FFCC700C70609 /* weather.json in Resources */ = {isa = PBXBuildFile; fileRef = 22D9CEB5283FFCC700C70609 /* weather.json */; };
		22E8B99F2840A28A00B1E54C /* LocaleService.swift in Sources */ = {isa = PBXBuildFile; fileRef = 22E8B99E2840A28A00B1E54C /* LocaleService.swift */; };
		22E8B9A12840A29A00B1E54C /* UnitSystem.swift in Sources */ = {isa = PBXBuildFile; fileRef = 22E8B9A02840A29A00B1E54C /* UnitSystem.swift */; };
		22E8B9A42840A70700B1E54C /* Localizable.strings in Resources */ = {isa = PBXBuildFile; fileRef = 22E8B9A62840A70700B1E54C /* Localizable.strings */; };
		22F109AB2840C5CD0090224B /* Localisation.swift in Sources */ = {isa = PBXBuildFile; fileRef = 22F109AA2840C5CD0090224B /* Localisation.swift */; };
		22F109B02840C7210090224B /* Weather.swift in Sources */ = {isa = PBXBuildFile; fileRef = 22F109AF2840C7210090224B /* Weather.swift */; };
		22F109B22840C9820090224B /* WeatherData.swift in Sources */ = {isa = PBXBuildFile; fileRef = 22F109B12840C9820090224B /* WeatherData.swift */; };
		22F109B42840CF4E0090224B /* WeatherProvider.swift in Sources */ = {isa = PBXBuildFile; fileRef = 22F109B32840CF4E0090224B /* WeatherProvider.swift */; };
		22F109B62840D5640090224B /* WeatherProviderTests.swift in Sources */ = {isa = PBXBuildFile; fileRef = 22F109B52840D5640090224B /* WeatherProviderTests.swift */; };
/* End PBXBuildFile section */

/* Begin PBXContainerItemProxy section */
		22D9CE8D283F94D500C70609 /* PBXContainerItemProxy */ = {
			isa = PBXContainerItemProxy;
			containerPortal = 22D9CE74283F94D100C70609 /* Project object */;
			proxyType = 1;
			remoteGlobalIDString = 22D9CE7B283F94D100C70609;
			remoteInfo = Sol;
		};
/* End PBXContainerItemProxy section */

/* Begin PBXFileReference section */
		228C18A92842BE2D0092F865 /* en-GB */ = {isa = PBXFileReference; lastKnownFileType = text.plist.strings; name = "en-GB"; path = "en-GB.lproj/InfoPlist.strings"; sourceTree = "<group>"; };
		228C18AB2842BE4C0092F865 /* en */ = {isa = PBXFileReference; lastKnownFileType = text.plist.strings; name = en; path = en.lproj/InfoPlist.strings; sourceTree = "<group>"; };
		228C18AC2842BE4D0092F865 /* he */ = {isa = PBXFileReference; lastKnownFileType = text.plist.strings; name = he; path = he.lproj/InfoPlist.strings; sourceTree = "<group>"; };
		228C18AD2842BE4E0092F865 /* pt-BR */ = {isa = PBXFileReference; lastKnownFileType = text.plist.strings; name = "pt-BR"; path = "pt-BR.lproj/InfoPlist.strings"; sourceTree = "<group>"; };
		228C18AE2842BE4F0092F865 /* es */ = {isa = PBXFileReference; lastKnownFileType = text.plist.strings; name = es; path = es.lproj/InfoPlist.strings; sourceTree = "<group>"; };
		228C18AF2842BFD20092F865 /* MapView.swift */ = {isa = PBXFileReference; lastKnownFileType = sourcecode.swift; path = MapView.swift; sourceTree = "<group>"; };
		228C18B22842BFF00092F865 /* MainViewModel.swift */ = {isa = PBXFileReference; lastKnownFileType = sourcecode.swift; path = MainViewModel.swift; sourceTree = "<group>"; };
		228C18B42842CCEB0092F865 /* MKCoordinateRegion+Equatable.swift */ = {isa = PBXFileReference; lastKnownFileType = sourcecode.swift; path = "MKCoordinateRegion+Equatable.swift"; sourceTree = "<group>"; };
		229EC25F2840074E009972ED /* WeatherService.swift */ = {isa = PBXFileReference; lastKnownFileType = sourcecode.swift; path = WeatherService.swift; sourceTree = "<group>"; };
		229EC261284007C6009972ED /* Info.plist */ = {isa = PBXFileReference; fileEncoding = 4; lastKnownFileType = text.plist.xml; path = Info.plist; sourceTree = "<group>"; };
		229EC26328400E1F009972ED /* WeatherRequests.swift */ = {isa = PBXFileReference; lastKnownFileType = sourcecode.swift; path = WeatherRequests.swift; sourceTree = "<group>"; };
		229EC26628400E3C009972ED /* NetworkMock.swift */ = {isa = PBXFileReference; lastKnownFileType = sourcecode.swift; path = NetworkMock.swift; sourceTree = "<group>"; };
		22D9CE7C283F94D100C70609 /* Sol.app */ = {isa = PBXFileReference; explicitFileType = wrapper.application; includeInIndex = 0; path = Sol.app; sourceTree = BUILT_PRODUCTS_DIR; };
		22D9CE7F283F94D100C70609 /* SolApp.swift */ = {isa = PBXFileReference; lastKnownFileType = sourcecode.swift; path = SolApp.swift; sourceTree = "<group>"; };
		22D9CE81283F94D100C70609 /* MainView.swift */ = {isa = PBXFileReference; lastKnownFileType = sourcecode.swift; path = MainView.swift; sourceTree = "<group>"; };
		22D9CE83283F94D400C70609 /* Assets.xcassets */ = {isa = PBXFileReference; lastKnownFileType = folder.assetcatalog; path = Assets.xcassets; sourceTree = "<group>"; };
		22D9CE8C283F94D500C70609 /* SolTests.xctest */ = {isa = PBXFileReference; explicitFileType = wrapper.cfbundle; includeInIndex = 0; path = SolTests.xctest; sourceTree = BUILT_PRODUCTS_DIR; };
		22D9CEAD283FD19E00C70609 /* WeatherResponse.swift */ = {isa = PBXFileReference; lastKnownFileType = sourcecode.swift; path = WeatherResponse.swift; sourceTree = "<group>"; };
		22D9CEAF283FDB5F00C70609 /* ForecastResponse.swift */ = {isa = PBXFileReference; lastKnownFileType = sourcecode.swift; path = ForecastResponse.swift; sourceTree = "<group>"; };
		22D9CEB2283FFB0E00C70609 /* ResponseDecoding.swift */ = {isa = PBXFileReference; lastKnownFileType = sourcecode.swift; path = ResponseDecoding.swift; sourceTree = "<group>"; };
		22D9CEB4283FFCC700C70609 /* forecast.json */ = {isa = PBXFileReference; fileEncoding = 4; lastKnownFileType = text.json; path = forecast.json; sourceTree = "<group>"; };
		22D9CEB5283FFCC700C70609 /* weather.json */ = {isa = PBXFileReference; fileEncoding = 4; lastKnownFileType = text.json; path = weather.json; sourceTree = "<group>"; };
		22E8B99E2840A28A00B1E54C /* LocaleService.swift */ = {isa = PBXFileReference; lastKnownFileType = sourcecode.swift; path = LocaleService.swift; sourceTree = "<group>"; };
		22E8B9A02840A29A00B1E54C /* UnitSystem.swift */ = {isa = PBXFileReference; lastKnownFileType = sourcecode.swift; path = UnitSystem.swift; sourceTree = "<group>"; };
		22E8B9A52840A70700B1E54C /* en */ = {isa = PBXFileReference; lastKnownFileType = text.plist.strings; name = en; path = en.lproj/Localizable.strings; sourceTree = "<group>"; };
		22E8B9A82840A92500B1E54C /* es */ = {isa = PBXFileReference; lastKnownFileType = text.plist.strings; name = es; path = es.lproj/Localizable.strings; sourceTree = "<group>"; };
		22E8B9A92840A92E00B1E54C /* he */ = {isa = PBXFileReference; lastKnownFileType = text.plist.strings; name = he; path = he.lproj/Localizable.strings; sourceTree = "<group>"; };
		22E8B9AB2840A93000B1E54C /* pt-BR */ = {isa = PBXFileReference; lastKnownFileType = text.plist.strings; name = "pt-BR"; path = "pt-BR.lproj/Localizable.strings"; sourceTree = "<group>"; };
		22F109A22840B7E20090224B /* en-GB */ = {isa = PBXFileReference; lastKnownFileType = text.plist.strings; name = "en-GB"; path = "en-GB.lproj/Localizable.strings"; sourceTree = "<group>"; };
		22F109AA2840C5CD0090224B /* Localisation.swift */ = {isa = PBXFileReference; fileEncoding = 4; lastKnownFileType = sourcecode.swift; path = Localisation.swift; sourceTree = "<group>"; };
		22F109AF2840C7210090224B /* Weather.swift */ = {isa = PBXFileReference; fileEncoding = 4; lastKnownFileType = sourcecode.swift; path = Weather.swift; sourceTree = "<group>"; };
		22F109B12840C9820090224B /* WeatherData.swift */ = {isa = PBXFileReference; lastKnownFileType = sourcecode.swift; path = WeatherData.swift; sourceTree = "<group>"; };
		22F109B32840CF4E0090224B /* WeatherProvider.swift */ = {isa = PBXFileReference; lastKnownFileType = sourcecode.swift; path = WeatherProvider.swift; sourceTree = "<group>"; };
		22F109B52840D5640090224B /* WeatherProviderTests.swift */ = {isa = PBXFileReference; lastKnownFileType = sourcecode.swift; path = WeatherProviderTests.swift; sourceTree = "<group>"; };
/* End PBXFileReference section */

/* Begin PBXFrameworksBuildPhase section */
		22D9CE79283F94D100C70609 /* Frameworks */ = {
			isa = PBXFrameworksBuildPhase;
			buildActionMask = 2147483647;
			files = (
			);
			runOnlyForDeploymentPostprocessing = 0;
		};
		22D9CE89283F94D500C70609 /* Frameworks */ = {
			isa = PBXFrameworksBuildPhase;
			buildActionMask = 2147483647;
			files = (
			);
			runOnlyForDeploymentPostprocessing = 0;
		};
/* End PBXFrameworksBuildPhase section */

/* Begin PBXGroup section */
		22032DB928436DF600C57AC2 /* MainView */ = {
			isa = PBXGroup;
			children = (
				22D9CE81283F94D100C70609 /* MainView.swift */,
				228C18B22842BFF00092F865 /* MainViewModel.swift */,
			);
			path = MainView;
			sourceTree = "<group>";
		};
		228C18A32842B9390092F865 /* User Interface */ = {
			isa = PBXGroup;
			children = (
				228C18B62842CF8D0092F865 /* Extensions */,
				22032DB928436DF600C57AC2 /* MainView */,
				228C18AF2842BFD20092F865 /* MapView.swift */,
			);
			path = "User Interface";
			sourceTree = "<group>";
		};
		228C18B62842CF8D0092F865 /* Extensions */ = {
			isa = PBXGroup;
			children = (
				228C18B42842CCEB0092F865 /* MKCoordinateRegion+Equatable.swift */,
			);
			path = Extensions;
			sourceTree = "<group>";
		};
		229EC26528400E27009972ED /* Mocks */ = {
			isa = PBXGroup;
			children = (
				229EC26628400E3C009972ED /* NetworkMock.swift */,
			);
			path = Mocks;
			sourceTree = "<group>";
		};
		22D9CE73283F94D100C70609 = {
			isa = PBXGroup;
			children = (
				22D9CE7E283F94D100C70609 /* Sol */,
				22D9CE8F283F94D500C70609 /* SolTests */,
				22D9CE7D283F94D100C70609 /* Products */,
			);
			sourceTree = "<group>";
		};
		22D9CE7D283F94D100C70609 /* Products */ = {
			isa = PBXGroup;
			children = (
				22D9CE7C283F94D100C70609 /* Sol.app */,
				22D9CE8C283F94D500C70609 /* SolTests.xctest */,
			);
			name = Products;
			sourceTree = "<group>";
		};
		22D9CE7E283F94D100C70609 /* Sol */ = {
			isa = PBXGroup;
			children = (
				229EC261284007C6009972ED /* Info.plist */,
				22D9CE7F283F94D100C70609 /* SolApp.swift */,
				22D9CE83283F94D400C70609 /* Assets.xcassets */,
				22E8B99D2840A23200B1E54C /* LocaleService */,
				228C18A32842B9390092F865 /* User Interface */,
				22F109AE2840C7210090224B /* WeatherProvider */,
				22D9CEAC283FD15100C70609 /* WeatherService */,
			);
			path = Sol;
			sourceTree = "<group>";
		};
		22D9CE8F283F94D500C70609 /* SolTests */ = {
			isa = PBXGroup;
			children = (
				22F109AA2840C5CD0090224B /* Localisation.swift */,
				22D9CEB2283FFB0E00C70609 /* ResponseDecoding.swift */,
				229EC26328400E1F009972ED /* WeatherRequests.swift */,
				22F109B12840C9820090224B /* WeatherData.swift */,
				22F109B52840D5640090224B /* WeatherProviderTests.swift */,
				229EC26528400E27009972ED /* Mocks */,
				22D9CEB1283FEB1B00C70609 /* Stubs */,
			);
			path = SolTests;
			sourceTree = "<group>";
		};
		22D9CEAC283FD15100C70609 /* WeatherService */ = {
			isa = PBXGroup;
			children = (
				22D9CEAD283FD19E00C70609 /* WeatherResponse.swift */,
				22D9CEAF283FDB5F00C70609 /* ForecastResponse.swift */,
				229EC25F2840074E009972ED /* WeatherService.swift */,
			);
			path = WeatherService;
			sourceTree = "<group>";
		};
		22D9CEB1283FEB1B00C70609 /* Stubs */ = {
			isa = PBXGroup;
			children = (
				22D9CEB4283FFCC700C70609 /* forecast.json */,
				22D9CEB5283FFCC700C70609 /* weather.json */,
			);
			path = Stubs;
			sourceTree = "<group>";
		};
		22E8B99D2840A23200B1E54C /* LocaleService */ = {
			isa = PBXGroup;
			children = (
				22E8B99E2840A28A00B1E54C /* LocaleService.swift */,
				22E8B9A02840A29A00B1E54C /* UnitSystem.swift */,
				22E8B9A62840A70700B1E54C /* Localizable.strings */,
				228C18AA2842BE2D0092F865 /* InfoPlist.strings */,
			);
			path = LocaleService;
			sourceTree = "<group>";
		};
		22F109AE2840C7210090224B /* WeatherProvider */ = {
			isa = PBXGroup;
			children = (
				22F109AF2840C7210090224B /* Weather.swift */,
				22F109B32840CF4E0090224B /* WeatherProvider.swift */,
			);
			path = WeatherProvider;
			sourceTree = "<group>";
		};
/* End PBXGroup section */

/* Begin PBXNativeTarget section */
		22D9CE7B283F94D100C70609 /* Sol */ = {
			isa = PBXNativeTarget;
			buildConfigurationList = 22D9CEA0283F94D500C70609 /* Build configuration list for PBXNativeTarget "Sol" */;
			buildPhases = (
				22D9CE78283F94D100C70609 /* Sources */,
				22D9CE79283F94D100C70609 /* Frameworks */,
				22D9CE7A283F94D100C70609 /* Resources */,
			);
			buildRules = (
			);
			dependencies = (
			);
			name = Sol;
			productName = Sol;
			productReference = 22D9CE7C283F94D100C70609 /* Sol.app */;
			productType = "com.apple.product-type.application";
		};
		22D9CE8B283F94D500C70609 /* SolTests */ = {
			isa = PBXNativeTarget;
			buildConfigurationList = 22D9CEA3283F94D500C70609 /* Build configuration list for PBXNativeTarget "SolTests" */;
			buildPhases = (
				22D9CE88283F94D500C70609 /* Sources */,
				22D9CE89283F94D500C70609 /* Frameworks */,
				22D9CE8A283F94D500C70609 /* Resources */,
			);
			buildRules = (
			);
			dependencies = (
				22D9CE8E283F94D500C70609 /* PBXTargetDependency */,
			);
			name = SolTests;
			productName = SolTests;
			productReference = 22D9CE8C283F94D500C70609 /* SolTests.xctest */;
			productType = "com.apple.product-type.bundle.unit-test";
		};
/* End PBXNativeTarget section */

/* Begin PBXProject section */
		22D9CE74283F94D100C70609 /* Project object */ = {
			isa = PBXProject;
			attributes = {
				BuildIndependentTargetsInParallel = 1;
				LastSwiftUpdateCheck = 1340;
				LastUpgradeCheck = 1340;
				TargetAttributes = {
					22D9CE7B283F94D100C70609 = {
						CreatedOnToolsVersion = 13.4;
					};
					22D9CE8B283F94D500C70609 = {
						CreatedOnToolsVersion = 13.4;
						TestTargetID = 22D9CE7B283F94D100C70609;
					};
				};
			};
			buildConfigurationList = 22D9CE77283F94D100C70609 /* Build configuration list for PBXProject "Sol" */;
			compatibilityVersion = "Xcode 13.0";
			developmentRegion = "en-GB";
			hasScannedForEncodings = 0;
			knownRegions = (
				"en-GB",
				en,
				he,
				es,
				"pt-BR",
			);
			mainGroup = 22D9CE73283F94D100C70609;
			productRefGroup = 22D9CE7D283F94D100C70609 /* Products */;
			projectDirPath = "";
			projectRoot = "";
			targets = (
				22D9CE7B283F94D100C70609 /* Sol */,
				22D9CE8B283F94D500C70609 /* SolTests */,
			);
		};
/* End PBXProject section */

/* Begin PBXResourcesBuildPhase section */
		22D9CE7A283F94D100C70609 /* Resources */ = {
			isa = PBXResourcesBuildPhase;
			buildActionMask = 2147483647;
			files = (
				22D9CE84283F94D400C70609 /* Assets.xcassets in Resources */,
				228C18A82842BE2D0092F865 /* InfoPlist.strings in Resources */,
				22E8B9A42840A70700B1E54C /* Localizable.strings in Resources */,
			);
			runOnlyForDeploymentPostprocessing = 0;
		};
		22D9CE8A283F94D500C70609 /* Resources */ = {
			isa = PBXResourcesBuildPhase;
			buildActionMask = 2147483647;
			files = (
				22D9CEB7283FFCC700C70609 /* weather.json in Resources */,
				22D9CEB6283FFCC700C70609 /* forecast.json in Resources */,
			);
			runOnlyForDeploymentPostprocessing = 0;
		};
/* End PBXResourcesBuildPhase section */

/* Begin PBXSourcesBuildPhase section */
		22D9CE78283F94D100C70609 /* Sources */ = {
			isa = PBXSourcesBuildPhase;
			buildActionMask = 2147483647;
			files = (
				22F109B02840C7210090224B /* Weather.swift in Sources */,
				229EC2602840074E009972ED /* WeatherService.swift in Sources */,
				22E8B9A12840A29A00B1E54C /* UnitSystem.swift in Sources */,
				22E8B99F2840A28A00B1E54C /* LocaleService.swift in Sources */,
				228C18B52842CCEB0092F865 /* MKCoordinateRegion+Equatable.swift in Sources */,
				22F109B42840CF4E0090224B /* WeatherProvider.swift in Sources */,
				22D9CE82283F94D100C70609 /* MainView.swift in Sources */,
				228C18B32842BFF00092F865 /* MainViewModel.swift in Sources */,
				22D9CEAE283FD19E00C70609 /* WeatherResponse.swift in Sources */,
				228C18B02842BFD20092F865 /* MapView.swift in Sources */,
				22D9CE80283F94D100C70609 /* SolApp.swift in Sources */,
				22D9CEB0283FDB5F00C70609 /* ForecastResponse.swift in Sources */,
			);
			runOnlyForDeploymentPostprocessing = 0;
		};
		22D9CE88283F94D500C70609 /* Sources */ = {
			isa = PBXSourcesBuildPhase;
			buildActionMask = 2147483647;
			files = (
				229EC26428400E1F009972ED /* WeatherRequests.swift in Sources */,
				22D9CEB3283FFB0E00C70609 /* ResponseDecoding.swift in Sources */,
				229EC26728400E3C009972ED /* NetworkMock.swift in Sources */,
				22F109B62840D5640090224B /* WeatherProviderTests.swift in Sources */,
				22F109AB2840C5CD0090224B /* Localisation.swift in Sources */,
				22F109B22840C9820090224B /* WeatherData.swift in Sources */,
			);
			runOnlyForDeploymentPostprocessing = 0;
		};
/* End PBXSourcesBuildPhase section */

/* Begin PBXTargetDependency section */
		22D9CE8E283F94D500C70609 /* PBXTargetDependency */ = {
			isa = PBXTargetDependency;
			target = 22D9CE7B283F94D100C70609 /* Sol */;
			targetProxy = 22D9CE8D283F94D500C70609 /* PBXContainerItemProxy */;
		};
/* End PBXTargetDependency section */

/* Begin PBXVariantGroup section */
		228C18AA2842BE2D0092F865 /* InfoPlist.strings */ = {
			isa = PBXVariantGroup;
			children = (
				228C18A92842BE2D0092F865 /* en-GB */,
				228C18AB2842BE4C0092F865 /* en */,
				228C18AC2842BE4D0092F865 /* he */,
				228C18AD2842BE4E0092F865 /* pt-BR */,
				228C18AE2842BE4F0092F865 /* es */,
			);
			name = InfoPlist.strings;
			sourceTree = "<group>";
		};
		22E8B9A62840A70700B1E54C /* Localizable.strings */ = {
			isa = PBXVariantGroup;
			children = (
				22E8B9A52840A70700B1E54C /* en */,
				22E8B9A82840A92500B1E54C /* es */,
				22E8B9A92840A92E00B1E54C /* he */,
				22E8B9AB2840A93000B1E54C /* pt-BR */,
				22F109A22840B7E20090224B /* en-GB */,
			);
			name = Localizable.strings;
			sourceTree = "<group>";
		};
/* End PBXVariantGroup section */

/* Begin XCBuildConfiguration section */
		22D9CE9E283F94D500C70609 /* Debug */ = {
			isa = XCBuildConfiguration;
			buildSettings = {
				ALWAYS_SEARCH_USER_PATHS = NO;
				CLANG_ANALYZER_LOCALIZABILITY_NONLOCALIZED = YES;
				CLANG_ANALYZER_NONNULL = YES;
				CLANG_ANALYZER_NUMBER_OBJECT_CONVERSION = YES_AGGRESSIVE;
				CLANG_CXX_LANGUAGE_STANDARD = "gnu++17";
				CLANG_ENABLE_MODULES = YES;
				CLANG_ENABLE_OBJC_ARC = YES;
				CLANG_ENABLE_OBJC_WEAK = YES;
				CLANG_WARN_BLOCK_CAPTURE_AUTORELEASING = YES;
				CLANG_WARN_BOOL_CONVERSION = YES;
				CLANG_WARN_COMMA = YES;
				CLANG_WARN_CONSTANT_CONVERSION = YES;
				CLANG_WARN_DEPRECATED_OBJC_IMPLEMENTATIONS = YES;
				CLANG_WARN_DIRECT_OBJC_ISA_USAGE = YES_ERROR;
				CLANG_WARN_DOCUMENTATION_COMMENTS = YES;
				CLANG_WARN_EMPTY_BODY = YES;
				CLANG_WARN_ENUM_CONVERSION = YES;
				CLANG_WARN_INFINITE_RECURSION = YES;
				CLANG_WARN_INT_CONVERSION = YES;
				CLANG_WARN_NON_LITERAL_NULL_CONVERSION = YES;
				CLANG_WARN_OBJC_IMPLICIT_RETAIN_SELF = YES;
				CLANG_WARN_OBJC_LITERAL_CONVERSION = YES;
				CLANG_WARN_OBJC_ROOT_CLASS = YES_ERROR;
				CLANG_WARN_QUOTED_INCLUDE_IN_FRAMEWORK_HEADER = YES;
				CLANG_WARN_RANGE_LOOP_ANALYSIS = YES;
				CLANG_WARN_STRICT_PROTOTYPES = YES;
				CLANG_WARN_SUSPICIOUS_MOVE = YES;
				CLANG_WARN_UNGUARDED_AVAILABILITY = YES_AGGRESSIVE;
				CLANG_WARN_UNREACHABLE_CODE = YES;
				CLANG_WARN__DUPLICATE_METHOD_MATCH = YES;
				COPY_PHASE_STRIP = NO;
				DEBUG_INFORMATION_FORMAT = dwarf;
				ENABLE_STRICT_OBJC_MSGSEND = YES;
				ENABLE_TESTABILITY = YES;
				GCC_C_LANGUAGE_STANDARD = gnu11;
				GCC_DYNAMIC_NO_PIC = NO;
				GCC_NO_COMMON_BLOCKS = YES;
				GCC_OPTIMIZATION_LEVEL = 0;
				GCC_PREPROCESSOR_DEFINITIONS = (
					"DEBUG=1",
					"$(inherited)",
				);
				GCC_WARN_64_TO_32_BIT_CONVERSION = YES;
				GCC_WARN_ABOUT_RETURN_TYPE = YES_ERROR;
				GCC_WARN_UNDECLARED_SELECTOR = YES;
				GCC_WARN_UNINITIALIZED_AUTOS = YES_AGGRESSIVE;
				GCC_WARN_UNUSED_FUNCTION = YES;
				GCC_WARN_UNUSED_VARIABLE = YES;
				IPHONEOS_DEPLOYMENT_TARGET = 15.5;
				MTL_ENABLE_DEBUG_INFO = INCLUDE_SOURCE;
				MTL_FAST_MATH = YES;
				ONLY_ACTIVE_ARCH = YES;
				SDKROOT = iphoneos;
				SWIFT_ACTIVE_COMPILATION_CONDITIONS = DEBUG;
				SWIFT_OPTIMIZATION_LEVEL = "-Onone";
			};
			name = Debug;
		};
		22D9CE9F283F94D500C70609 /* Release */ = {
			isa = XCBuildConfiguration;
			buildSettings = {
				ALWAYS_SEARCH_USER_PATHS = NO;
				CLANG_ANALYZER_LOCALIZABILITY_NONLOCALIZED = YES;
				CLANG_ANALYZER_NONNULL = YES;
				CLANG_ANALYZER_NUMBER_OBJECT_CONVERSION = YES_AGGRESSIVE;
				CLANG_CXX_LANGUAGE_STANDARD = "gnu++17";
				CLANG_ENABLE_MODULES = YES;
				CLANG_ENABLE_OBJC_ARC = YES;
				CLANG_ENABLE_OBJC_WEAK = YES;
				CLANG_WARN_BLOCK_CAPTURE_AUTORELEASING = YES;
				CLANG_WARN_BOOL_CONVERSION = YES;
				CLANG_WARN_COMMA = YES;
				CLANG_WARN_CONSTANT_CONVERSION = YES;
				CLANG_WARN_DEPRECATED_OBJC_IMPLEMENTATIONS = YES;
				CLANG_WARN_DIRECT_OBJC_ISA_USAGE = YES_ERROR;
				CLANG_WARN_DOCUMENTATION_COMMENTS = YES;
				CLANG_WARN_EMPTY_BODY = YES;
				CLANG_WARN_ENUM_CONVERSION = YES;
				CLANG_WARN_INFINITE_RECURSION = YES;
				CLANG_WARN_INT_CONVERSION = YES;
				CLANG_WARN_NON_LITERAL_NULL_CONVERSION = YES;
				CLANG_WARN_OBJC_IMPLICIT_RETAIN_SELF = YES;
				CLANG_WARN_OBJC_LITERAL_CONVERSION = YES;
				CLANG_WARN_OBJC_ROOT_CLASS = YES_ERROR;
				CLANG_WARN_QUOTED_INCLUDE_IN_FRAMEWORK_HEADER = YES;
				CLANG_WARN_RANGE_LOOP_ANALYSIS = YES;
				CLANG_WARN_STRICT_PROTOTYPES = YES;
				CLANG_WARN_SUSPICIOUS_MOVE = YES;
				CLANG_WARN_UNGUARDED_AVAILABILITY = YES_AGGRESSIVE;
				CLANG_WARN_UNREACHABLE_CODE = YES;
				CLANG_WARN__DUPLICATE_METHOD_MATCH = YES;
				COPY_PHASE_STRIP = NO;
				DEBUG_INFORMATION_FORMAT = "dwarf-with-dsym";
				ENABLE_NS_ASSERTIONS = NO;
				ENABLE_STRICT_OBJC_MSGSEND = YES;
				GCC_C_LANGUAGE_STANDARD = gnu11;
				GCC_NO_COMMON_BLOCKS = YES;
				GCC_WARN_64_TO_32_BIT_CONVERSION = YES;
				GCC_WARN_ABOUT_RETURN_TYPE = YES_ERROR;
				GCC_WARN_UNDECLARED_SELECTOR = YES;
				GCC_WARN_UNINITIALIZED_AUTOS = YES_AGGRESSIVE;
				GCC_WARN_UNUSED_FUNCTION = YES;
				GCC_WARN_UNUSED_VARIABLE = YES;
				IPHONEOS_DEPLOYMENT_TARGET = 15.5;
				MTL_ENABLE_DEBUG_INFO = NO;
				MTL_FAST_MATH = YES;
				SDKROOT = iphoneos;
				SWIFT_COMPILATION_MODE = wholemodule;
				SWIFT_OPTIMIZATION_LEVEL = "-O";
				VALIDATE_PRODUCT = YES;
			};
			name = Release;
		};
		22D9CEA1283F94D500C70609 /* Debug */ = {
			isa = XCBuildConfiguration;
			buildSettings = {
				ASSETCATALOG_COMPILER_APPICON_NAME = AppIcon;
				ASSETCATALOG_COMPILER_GLOBAL_ACCENT_COLOR_NAME = AccentColor;
				CODE_SIGN_STYLE = Automatic;
				CURRENT_PROJECT_VERSION = 1;
				ENABLE_PREVIEWS = YES;
				GENERATE_INFOPLIST_FILE = YES;
				INFOPLIST_FILE = Sol/Info.plist;
				INFOPLIST_KEY_NSLocationWhenInUseUsageDescription = "Retrieve weather to your current location automatically";
				INFOPLIST_KEY_UIApplicationSceneManifest_Generation = YES;
				INFOPLIST_KEY_UIApplicationSupportsIndirectInputEvents = YES;
				INFOPLIST_KEY_UILaunchScreen_Generation = YES;
				INFOPLIST_KEY_UISupportedInterfaceOrientations_iPad = "UIInterfaceOrientationPortrait UIInterfaceOrientationPortraitUpsideDown UIInterfaceOrientationLandscapeLeft UIInterfaceOrientationLandscapeRight";
				INFOPLIST_KEY_UISupportedInterfaceOrientations_iPhone = "UIInterfaceOrientationPortrait UIInterfaceOrientationLandscapeLeft UIInterfaceOrientationLandscapeRight";
				LD_RUNPATH_SEARCH_PATHS = (
					"$(inherited)",
					"@executable_path/Frameworks",
				);
				MARKETING_VERSION = 1.0;
				PRODUCT_BUNDLE_IDENTIFIER = lab.lalalones.Sol;
				PRODUCT_NAME = "$(TARGET_NAME)";
				SWIFT_EMIT_LOC_STRINGS = YES;
				SWIFT_VERSION = 5.0;
				TARGETED_DEVICE_FAMILY = "1,2";
			};
			name = Debug;
		};
		22D9CEA2283F94D500C70609 /* Release */ = {
			isa = XCBuildConfiguration;
			buildSettings = {
				ASSETCATALOG_COMPILER_APPICON_NAME = AppIcon;
				ASSETCATALOG_COMPILER_GLOBAL_ACCENT_COLOR_NAME = AccentColor;
				CODE_SIGN_STYLE = Automatic;
				CURRENT_PROJECT_VERSION = 1;
				ENABLE_PREVIEWS = YES;
				GENERATE_INFOPLIST_FILE = YES;
				INFOPLIST_FILE = Sol/Info.plist;
				INFOPLIST_KEY_NSLocationWhenInUseUsageDescription = "Retrieve weather to your current location automatically";
				INFOPLIST_KEY_UIApplicationSceneManifest_Generation = YES;
				INFOPLIST_KEY_UIApplicationSupportsIndirectInputEvents = YES;
				INFOPLIST_KEY_UILaunchScreen_Generation = YES;
				INFOPLIST_KEY_UISupportedInterfaceOrientations_iPad = "UIInterfaceOrientationPortrait UIInterfaceOrientationPortraitUpsideDown UIInterfaceOrientationLandscapeLeft UIInterfaceOrientationLandscapeRight";
				INFOPLIST_KEY_UISupportedInterfaceOrientations_iPhone = "UIInterfaceOrientationPortrait UIInterfaceOrientationLandscapeLeft UIInterfaceOrientationLandscapeRight";
				LD_RUNPATH_SEARCH_PATHS = (
					"$(inherited)",
					"@executable_path/Frameworks",
				);
				MARKETING_VERSION = 1.0;
				PRODUCT_BUNDLE_IDENTIFIER = lab.lalalones.Sol;
				PRODUCT_NAME = "$(TARGET_NAME)";
				SWIFT_EMIT_LOC_STRINGS = YES;
				SWIFT_VERSION = 5.0;
				TARGETED_DEVICE_FAMILY = "1,2";
			};
			name = Release;
		};
		22D9CEA4283F94D500C70609 /* Debug */ = {
			isa = XCBuildConfiguration;
			buildSettings = {
				ALWAYS_EMBED_SWIFT_STANDARD_LIBRARIES = YES;
				BUNDLE_LOADER = "$(TEST_HOST)";
				CLANG_ENABLE_MODULES = YES;
				CODE_SIGN_STYLE = Automatic;
				CURRENT_PROJECT_VERSION = 1;
				GENERATE_INFOPLIST_FILE = YES;
				IPHONEOS_DEPLOYMENT_TARGET = 15.5;
				LD_RUNPATH_SEARCH_PATHS = (
					"$(inherited)",
					"@executable_path/Frameworks",
					"@loader_path/Frameworks",
				);
				MARKETING_VERSION = 1.0;
				PRODUCT_BUNDLE_IDENTIFIER = lab.lalalones.SolTests;
				PRODUCT_NAME = "$(TARGET_NAME)";
				SWIFT_EMIT_LOC_STRINGS = NO;
				SWIFT_OPTIMIZATION_LEVEL = "-Onone";
				SWIFT_VERSION = 5.0;
				TARGETED_DEVICE_FAMILY = "1,2";
				TEST_HOST = "$(BUILT_PRODUCTS_DIR)/Sol.app/Sol";
			};
			name = Debug;
		};
		22D9CEA5283F94D500C70609 /* Release */ = {
			isa = XCBuildConfiguration;
			buildSettings = {
				ALWAYS_EMBED_SWIFT_STANDARD_LIBRARIES = YES;
				BUNDLE_LOADER = "$(TEST_HOST)";
				CLANG_ENABLE_MODULES = YES;
				CODE_SIGN_STYLE = Automatic;
				CURRENT_PROJECT_VERSION = 1;
				GENERATE_INFOPLIST_FILE = YES;
				IPHONEOS_DEPLOYMENT_TARGET = 15.5;
				LD_RUNPATH_SEARCH_PATHS = (
					"$(inherited)",
					"@executable_path/Frameworks",
					"@loader_path/Frameworks",
				);
				MARKETING_VERSION = 1.0;
				PRODUCT_BUNDLE_IDENTIFIER = lab.lalalones.SolTests;
				PRODUCT_NAME = "$(TARGET_NAME)";
				SWIFT_EMIT_LOC_STRINGS = NO;
				SWIFT_VERSION = 5.0;
				TARGETED_DEVICE_FAMILY = "1,2";
				TEST_HOST = "$(BUILT_PRODUCTS_DIR)/Sol.app/Sol";
			};
			name = Release;
		};
/* End XCBuildConfiguration section */

/* Begin XCConfigurationList section */
		22D9CE77283F94D100C70609 /* Build configuration list for PBXProject "Sol" */ = {
			isa = XCConfigurationList;
			buildConfigurations = (
				22D9CE9E283F94D500C70609 /* Debug */,
				22D9CE9F283F94D500C70609 /* Release */,
			);
			defaultConfigurationIsVisible = 0;
			defaultConfigurationName = Release;
		};
		22D9CEA0283F94D500C70609 /* Build configuration list for PBXNativeTarget "Sol" */ = {
			isa = XCConfigurationList;
			buildConfigurations = (
				22D9CEA1283F94D500C70609 /* Debug */,
				22D9CEA2283F94D500C70609 /* Release */,
			);
			defaultConfigurationIsVisible = 0;
			defaultConfigurationName = Release;
		};
		22D9CEA3283F94D500C70609 /* Build configuration list for PBXNativeTarget "SolTests" */ = {
			isa = XCConfigurationList;
			buildConfigurations = (
				22D9CEA4283F94D500C70609 /* Debug */,
				22D9CEA5283F94D500C70609 /* Release */,
			);
			defaultConfigurationIsVisible = 0;
			defaultConfigurationName = Release;
		};
/* End XCConfigurationList section */
	};
	rootObject = 22D9CE74283F94D100C70609 /* Project object */;
}
